// !$*UTF8*$!
{
	archiveVersion = 1;
	classes = {
	};
	objectVersion = 48;
	objects = {

/* Begin PBXBuildFile section */
		A2247873222A1B3C00E4ED52 /* AppDelegate.swift in Sources */ = {isa = PBXBuildFile; fileRef = A2247872222A1B3C00E4ED52 /* AppDelegate.swift */; };
		A2247875222A1B3C00E4ED52 /* ViewController.swift in Sources */ = {isa = PBXBuildFile; fileRef = A2247874222A1B3C00E4ED52 /* ViewController.swift */; };
		A2247878222A1B3C00E4ED52 /* Main.storyboard in Resources */ = {isa = PBXBuildFile; fileRef = A2247876222A1B3C00E4ED52 /* Main.storyboard */; };
		A224787A222A1B3C00E4ED52 /* Assets.xcassets in Resources */ = {isa = PBXBuildFile; fileRef = A2247879222A1B3C00E4ED52 /* Assets.xcassets */; };
		A224787D222A1B3C00E4ED52 /* LaunchScreen.storyboard in Resources */ = {isa = PBXBuildFile; fileRef = A224787B222A1B3C00E4ED52 /* LaunchScreen.storyboard */; };
		A2247888222A1B3C00E4ED52 /* TicTacToeLocalSTests.swift in Sources */ = {isa = PBXBuildFile; fileRef = A2247887222A1B3C00E4ED52 /* TicTacToeLocalSTests.swift */; };
		A2247893222A1B3C00E4ED52 /* TicTacToeLocalSUITests.swift in Sources */ = {isa = PBXBuildFile; fileRef = A2247892222A1B3C00E4ED52 /* TicTacToeLocalSUITests.swift */; };
/* End PBXBuildFile section */

/* Begin PBXContainerItemProxy section */
		A2247884222A1B3C00E4ED52 /* PBXContainerItemProxy */ = {
			isa = PBXContainerItemProxy;
			containerPortal = A2247867222A1B3C00E4ED52 /* Project object */;
			proxyType = 1;
			remoteGlobalIDString = A224786E222A1B3C00E4ED52;
			remoteInfo = TicTacToeLocalS;
		};
		A224788F222A1B3C00E4ED52 /* PBXContainerItemProxy */ = {
			isa = PBXContainerItemProxy;
			containerPortal = A2247867222A1B3C00E4ED52 /* Project object */;
			proxyType = 1;
			remoteGlobalIDString = A224786E222A1B3C00E4ED52;
			remoteInfo = TicTacToeLocalS;
		};
/* End PBXContainerItemProxy section */

/* Begin PBXFileReference section */
		A224786F222A1B3C00E4ED52 /* TicTacToeLocalS.app */ = {isa = PBXFileReference; explicitFileType = wrapper.application; includeInIndex = 0; path = TicTacToeLocalS.app; sourceTree = BUILT_PRODUCTS_DIR; };
		A2247872222A1B3C00E4ED52 /* AppDelegate.swift */ = {isa = PBXFileReference; lastKnownFileType = sourcecode.swift; path = AppDelegate.swift; sourceTree = "<group>"; };
		A2247874222A1B3C00E4ED52 /* ViewController.swift */ = {isa = PBXFileReference; lastKnownFileType = sourcecode.swift; path = ViewController.swift; sourceTree = "<group>"; };
		A2247877222A1B3C00E4ED52 /* Base */ = {isa = PBXFileReference; lastKnownFileType = file.storyboard; name = Base; path = Base.lproj/Main.storyboard; sourceTree = "<group>"; };
		A2247879222A1B3C00E4ED52 /* Assets.xcassets */ = {isa = PBXFileReference; lastKnownFileType = folder.assetcatalog; path = Assets.xcassets; sourceTree = "<group>"; };
		A224787C222A1B3C00E4ED52 /* Base */ = {isa = PBXFileReference; lastKnownFileType = file.storyboard; name = Base; path = Base.lproj/LaunchScreen.storyboard; sourceTree = "<group>"; };
		A224787E222A1B3C00E4ED52 /* Info.plist */ = {isa = PBXFileReference; lastKnownFileType = text.plist.xml; path = Info.plist; sourceTree = "<group>"; };
		A2247883222A1B3C00E4ED52 /* TicTacToeLocalSTests.xctest */ = {isa = PBXFileReference; explicitFileType = wrapper.cfbundle; includeInIndex = 0; path = TicTacToeLocalSTests.xctest; sourceTree = BUILT_PRODUCTS_DIR; };
		A2247887222A1B3C00E4ED52 /* TicTacToeLocalSTests.swift */ = {isa = PBXFileReference; lastKnownFileType = sourcecode.swift; path = TicTacToeLocalSTests.swift; sourceTree = "<group>"; };
		A2247889222A1B3C00E4ED52 /* Info.plist */ = {isa = PBXFileReference; lastKnownFileType = text.plist.xml; path = Info.plist; sourceTree = "<group>"; };
		A224788E222A1B3C00E4ED52 /* TicTacToeLocalSUITests.xctest */ = {isa = PBXFileReference; explicitFileType = wrapper.cfbundle; includeInIndex = 0; path = TicTacToeLocalSUITests.xctest; sourceTree = BUILT_PRODUCTS_DIR; };
		A2247892222A1B3C00E4ED52 /* TicTacToeLocalSUITests.swift */ = {isa = PBXFileReference; lastKnownFileType = sourcecode.swift; path = TicTacToeLocalSUITests.swift; sourceTree = "<group>"; };
		A2247894222A1B3C00E4ED52 /* Info.plist */ = {isa = PBXFileReference; lastKnownFileType = text.plist.xml; path = Info.plist; sourceTree = "<group>"; };
/* End PBXFileReference section */

/* Begin PBXFrameworksBuildPhase section */
		A224786C222A1B3C00E4ED52 /* Frameworks */ = {
			isa = PBXFrameworksBuildPhase;
			buildActionMask = 2147483647;
			files = (
			);
			runOnlyForDeploymentPostprocessing = 0;
		};
		A2247880222A1B3C00E4ED52 /* Frameworks */ = {
			isa = PBXFrameworksBuildPhase;
			buildActionMask = 2147483647;
			files = (
			);
			runOnlyForDeploymentPostprocessing = 0;
		};
		A224788B222A1B3C00E4ED52 /* Frameworks */ = {
			isa = PBXFrameworksBuildPhase;
			buildActionMask = 2147483647;
			files = (
			);
			runOnlyForDeploymentPostprocessing = 0;
		};
/* End PBXFrameworksBuildPhase section */

/* Begin PBXGroup section */
		A2247866222A1B3C00E4ED52 = {
			isa = PBXGroup;
			children = (
				A2247871222A1B3C00E4ED52 /* TicTacToeLocalS */,
				A2247886222A1B3C00E4ED52 /* TicTacToeLocalSTests */,
				A2247891222A1B3C00E4ED52 /* TicTacToeLocalSUITests */,
				A2247870222A1B3C00E4ED52 /* Products */,
			);
			sourceTree = "<group>";
		};
		A2247870222A1B3C00E4ED52 /* Products */ = {
			isa = PBXGroup;
			children = (
				A224786F222A1B3C00E4ED52 /* TicTacToeLocalS.app */,
				A2247883222A1B3C00E4ED52 /* TicTacToeLocalSTests.xctest */,
				A224788E222A1B3C00E4ED52 /* TicTacToeLocalSUITests.xctest */,
			);
			name = Products;
			sourceTree = "<group>";
		};
		A2247871222A1B3C00E4ED52 /* TicTacToeLocalS */ = {
			isa = PBXGroup;
			children = (
				A2247872222A1B3C00E4ED52 /* AppDelegate.swift */,
				A2247874222A1B3C00E4ED52 /* ViewController.swift */,
				A2247876222A1B3C00E4ED52 /* Main.storyboard */,
				A2247879222A1B3C00E4ED52 /* Assets.xcassets */,
				A224787B222A1B3C00E4ED52 /* LaunchScreen.storyboard */,
				A224787E222A1B3C00E4ED52 /* Info.plist */,
			);
			path = TicTacToeLocalS;
			sourceTree = "<group>";
		};
		A2247886222A1B3C00E4ED52 /* TicTacToeLocalSTests */ = {
			isa = PBXGroup;
			children = (
				A2247887222A1B3C00E4ED52 /* TicTacToeLocalSTests.swift */,
				A2247889222A1B3C00E4ED52 /* Info.plist */,
			);
			path = TicTacToeLocalSTests;
			sourceTree = "<group>";
		};
		A2247891222A1B3C00E4ED52 /* TicTacToeLocalSUITests */ = {
			isa = PBXGroup;
			children = (
				A2247892222A1B3C00E4ED52 /* TicTacToeLocalSUITests.swift */,
				A2247894222A1B3C00E4ED52 /* Info.plist */,
			);
			path = TicTacToeLocalSUITests;
			sourceTree = "<group>";
		};
/* End PBXGroup section */

/* Begin PBXNativeTarget section */
		A224786E222A1B3C00E4ED52 /* TicTacToeLocalS */ = {
			isa = PBXNativeTarget;
			buildConfigurationList = A2247897222A1B3C00E4ED52 /* Build configuration list for PBXNativeTarget "TicTacToeLocalS" */;
			buildPhases = (
				A224786B222A1B3C00E4ED52 /* Sources */,
				A224786C222A1B3C00E4ED52 /* Frameworks */,
				A224786D222A1B3C00E4ED52 /* Resources */,
			);
			buildRules = (
			);
			dependencies = (
			);
			name = TicTacToeLocalS;
			productName = TicTacToeLocalS;
			productReference = A224786F222A1B3C00E4ED52 /* TicTacToeLocalS.app */;
			productType = "com.apple.product-type.application";
		};
		A2247882222A1B3C00E4ED52 /* TicTacToeLocalSTests */ = {
			isa = PBXNativeTarget;
			buildConfigurationList = A224789A222A1B3C00E4ED52 /* Build configuration list for PBXNativeTarget "TicTacToeLocalSTests" */;
			buildPhases = (
				A224787F222A1B3C00E4ED52 /* Sources */,
				A2247880222A1B3C00E4ED52 /* Frameworks */,
				A2247881222A1B3C00E4ED52 /* Resources */,
			);
			buildRules = (
			);
			dependencies = (
				A2247885222A1B3C00E4ED52 /* PBXTargetDependency */,
			);
			name = TicTacToeLocalSTests;
			productName = TicTacToeLocalSTests;
			productReference = A2247883222A1B3C00E4ED52 /* TicTacToeLocalSTests.xctest */;
			productType = "com.apple.product-type.bundle.unit-test";
		};
		A224788D222A1B3C00E4ED52 /* TicTacToeLocalSUITests */ = {
			isa = PBXNativeTarget;
			buildConfigurationList = A224789D222A1B3C00E4ED52 /* Build configuration list for PBXNativeTarget "TicTacToeLocalSUITests" */;
			buildPhases = (
				A224788A222A1B3C00E4ED52 /* Sources */,
				A224788B222A1B3C00E4ED52 /* Frameworks */,
				A224788C222A1B3C00E4ED52 /* Resources */,
			);
			buildRules = (
			);
			dependencies = (
				A2247890222A1B3C00E4ED52 /* PBXTargetDependency */,
			);
			name = TicTacToeLocalSUITests;
			productName = TicTacToeLocalSUITests;
			productReference = A224788E222A1B3C00E4ED52 /* TicTacToeLocalSUITests.xctest */;
			productType = "com.apple.product-type.bundle.ui-testing";
		};
/* End PBXNativeTarget section */

/* Begin PBXProject section */
		A2247867222A1B3C00E4ED52 /* Project object */ = {
			isa = PBXProject;
			attributes = {
				LastSwiftUpdateCheck = 0900;
				LastUpgradeCheck = 0900;
				ORGANIZATIONNAME = LABMAC2016;
				TargetAttributes = {
					A224786E222A1B3C00E4ED52 = {
						CreatedOnToolsVersion = 9.0;
						ProvisioningStyle = Automatic;
					};
					A2247882222A1B3C00E4ED52 = {
						CreatedOnToolsVersion = 9.0;
						ProvisioningStyle = Automatic;
						TestTargetID = A224786E222A1B3C00E4ED52;
					};
					A224788D222A1B3C00E4ED52 = {
						CreatedOnToolsVersion = 9.0;
						ProvisioningStyle = Automatic;
						TestTargetID = A224786E222A1B3C00E4ED52;
					};
				};
			};
			buildConfigurationList = A224786A222A1B3C00E4ED52 /* Build configuration list for PBXProject "TicTacToeLocalS" */;
			compatibilityVersion = "Xcode 8.0";
			developmentRegion = en;
			hasScannedForEncodings = 0;
			knownRegions = (
				en,
				Base,
			);
			mainGroup = A2247866222A1B3C00E4ED52;
			productRefGroup = A2247870222A1B3C00E4ED52 /* Products */;
			projectDirPath = "";
			projectRoot = "";
			targets = (
				A224786E222A1B3C00E4ED52 /* TicTacToeLocalS */,
				A2247882222A1B3C00E4ED52 /* TicTacToeLocalSTests */,
				A224788D222A1B3C00E4ED52 /* TicTacToeLocalSUITests */,
			);
		};
/* End PBXProject section */

/* Begin PBXResourcesBuildPhase section */
		A224786D222A1B3C00E4ED52 /* Resources */ = {
			isa = PBXResourcesBuildPhase;
			buildActionMask = 2147483647;
			files = (
				A224787D222A1B3C00E4ED52 /* LaunchScreen.storyboard in Resources */,
				A224787A222A1B3C00E4ED52 /* Assets.xcassets in Resources */,
				A2247878222A1B3C00E4ED52 /* Main.storyboard in Resources */,
			);
			runOnlyForDeploymentPostprocessing = 0;
		};
		A2247881222A1B3C00E4ED52 /* Resources */ = {
			isa = PBXResourcesBuildPhase;
			buildActionMask = 2147483647;
			files = (
			);
			runOnlyForDeploymentPostprocessing = 0;
		};
		A224788C222A1B3C00E4ED52 /* Resources */ = {
			isa = PBXResourcesBuildPhase;
			buildActionMask = 2147483647;
			files = (
			);
			runOnlyForDeploymentPostprocessing = 0;
		};
/* End PBXResourcesBuildPhase section */

/* Begin PBXSourcesBuildPhase section */
		A224786B222A1B3C00E4ED52 /* Sources */ = {
			isa = PBXSourcesBuildPhase;
			buildActionMask = 2147483647;
			files = (
				A2247875222A1B3C00E4ED52 /* ViewController.swift in Sources */,
				A2247873222A1B3C00E4ED52 /* AppDelegate.swift in Sources */,
			);
			runOnlyForDeploymentPostprocessing = 0;
		};
		A224787F222A1B3C00E4ED52 /* Sources */ = {
			isa = PBXSourcesBuildPhase;
			buildActionMask = 2147483647;
			files = (
				A2247888222A1B3C00E4ED52 /* TicTacToeLocalSTests.swift in Sources */,
			);
			runOnlyForDeploymentPostprocessing = 0;
		};
		A224788A222A1B3C00E4ED52 /* Sources */ = {
			isa = PBXSourcesBuildPhase;
			buildActionMask = 2147483647;
			files = (
				A2247893222A1B3C00E4ED52 /* TicTacToeLocalSUITests.swift in Sources */,
			);
			runOnlyForDeploymentPostprocessing = 0;
		};
/* End PBXSourcesBuildPhase section */

/* Begin PBXTargetDependency section */
		A2247885222A1B3C00E4ED52 /* PBXTargetDependency */ = {
			isa = PBXTargetDependency;
			target = A224786E222A1B3C00E4ED52 /* TicTacToeLocalS */;
			targetProxy = A2247884222A1B3C00E4ED52 /* PBXContainerItemProxy */;
		};
		A2247890222A1B3C00E4ED52 /* PBXTargetDependency */ = {
			isa = PBXTargetDependency;
			target = A224786E222A1B3C00E4ED52 /* TicTacToeLocalS */;
			targetProxy = A224788F222A1B3C00E4ED52 /* PBXContainerItemProxy */;
		};
/* End PBXTargetDependency section */

/* Begin PBXVariantGroup section */
		A2247876222A1B3C00E4ED52 /* Main.storyboard */ = {
			isa = PBXVariantGroup;
			children = (
				A2247877222A1B3C00E4ED52 /* Base */,
			);
			name = Main.storyboard;
			sourceTree = "<group>";
		};
		A224787B222A1B3C00E4ED52 /* LaunchScreen.storyboard */ = {
			isa = PBXVariantGroup;
			children = (
				A224787C222A1B3C00E4ED52 /* Base */,
			);
			name = LaunchScreen.storyboard;
			sourceTree = "<group>";
		};
/* End PBXVariantGroup section */

/* Begin XCBuildConfiguration section */
		A2247895222A1B3C00E4ED52 /* Debug */ = {
			isa = XCBuildConfiguration;
			buildSettings = {
				ALWAYS_SEARCH_USER_PATHS = NO;
				CLANG_ANALYZER_NONNULL = YES;
				CLANG_ANALYZER_NUMBER_OBJECT_CONVERSION = YES_AGGRESSIVE;
				CLANG_CXX_LANGUAGE_STANDARD = "gnu++14";
				CLANG_CXX_LIBRARY = "libc++";
				CLANG_ENABLE_MODULES = YES;
				CLANG_ENABLE_OBJC_ARC = YES;
				CLANG_WARN_BLOCK_CAPTURE_AUTORELEASING = YES;
				CLANG_WARN_BOOL_CONVERSION = YES;
				CLANG_WARN_COMMA = YES;
				CLANG_WARN_CONSTANT_CONVERSION = YES;
				CLANG_WARN_DIRECT_OBJC_ISA_USAGE = YES_ERROR;
				CLANG_WARN_DOCUMENTATION_COMMENTS = YES;
				CLANG_WARN_EMPTY_BODY = YES;
				CLANG_WARN_ENUM_CONVERSION = YES;
				CLANG_WARN_INFINITE_RECURSION = YES;
				CLANG_WARN_INT_CONVERSION = YES;
				CLANG_WARN_NON_LITERAL_NULL_CONVERSION = YES;
				CLANG_WARN_OBJC_LITERAL_CONVERSION = YES;
				CLANG_WARN_OBJC_ROOT_CLASS = YES_ERROR;
				CLANG_WARN_RANGE_LOOP_ANALYSIS = YES;
				CLANG_WARN_STRICT_PROTOTYPES = YES;
				CLANG_WARN_SUSPICIOUS_MOVE = YES;
				CLANG_WARN_UNGUARDED_AVAILABILITY = YES_AGGRESSIVE;
				CLANG_WARN_UNREACHABLE_CODE = YES;
				CLANG_WARN__DUPLICATE_METHOD_MATCH = YES;
				CODE_SIGN_IDENTITY = "iPhone Developer";
				COPY_PHASE_STRIP = NO;
				DEBUG_INFORMATION_FORMAT = dwarf;
				ENABLE_STRICT_OBJC_MSGSEND = YES;
				ENABLE_TESTABILITY = YES;
				GCC_C_LANGUAGE_STANDARD = gnu11;
				GCC_DYNAMIC_NO_PIC = NO;
				GCC_NO_COMMON_BLOCKS = YES;
				GCC_OPTIMIZATION_LEVEL = 0;
				GCC_PREPROCESSOR_DEFINITIONS = (
					"DEBUG=1",
					"$(inherited)",
				);
				GCC_WARN_64_TO_32_BIT_CONVERSION = YES;
				GCC_WARN_ABOUT_RETURN_TYPE = YES_ERROR;
				GCC_WARN_UNDECLARED_SELECTOR = YES;
				GCC_WARN_UNINITIALIZED_AUTOS = YES_AGGRESSIVE;
				GCC_WARN_UNUSED_FUNCTION = YES;
				GCC_WARN_UNUSED_VARIABLE = YES;
				IPHONEOS_DEPLOYMENT_TARGET = 11.0;
				MTL_ENABLE_DEBUG_INFO = YES;
				ONLY_ACTIVE_ARCH = YES;
				SDKROOT = iphoneos;
				SWIFT_ACTIVE_COMPILATION_CONDITIONS = DEBUG;
				SWIFT_OPTIMIZATION_LEVEL = "-Onone";
			};
			name = Debug;
		};
		A2247896222A1B3C00E4ED52 /* Release */ = {
			isa = XCBuildConfiguration;
			buildSettings = {
				ALWAYS_SEARCH_USER_PATHS = NO;
				CLANG_ANALYZER_NONNULL = YES;
				CLANG_ANALYZER_NUMBER_OBJECT_CONVERSION = YES_AGGRESSIVE;
				CLANG_CXX_LANGUAGE_STANDARD = "gnu++14";
				CLANG_CXX_LIBRARY = "libc++";
				CLANG_ENABLE_MODULES = YES;
				CLANG_ENABLE_OBJC_ARC = YES;
				CLANG_WARN_BLOCK_CAPTURE_AUTORELEASING = YES;
				CLANG_WARN_BOOL_CONVERSION = YES;
				CLANG_WARN_COMMA = YES;
				CLANG_WARN_CONSTANT_CONVERSION = YES;
				CLANG_WARN_DIRECT_OBJC_ISA_USAGE = YES_ERROR;
				CLANG_WARN_DOCUMENTATION_COMMENTS = YES;
				CLANG_WARN_EMPTY_BODY = YES;
				CLANG_WARN_ENUM_CONVERSION = YES;
				CLANG_WARN_INFINITE_RECURSION = YES;
				CLANG_WARN_INT_CONVERSION = YES;
				CLANG_WARN_NON_LITERAL_NULL_CONVERSION = YES;
				CLANG_WARN_OBJC_LITERAL_CONVERSION = YES;
				CLANG_WARN_OBJC_ROOT_CLASS = YES_ERROR;
				CLANG_WARN_RANGE_LOOP_ANALYSIS = YES;
				CLANG_WARN_STRICT_PROTOTYPES = YES;
				CLANG_WARN_SUSPICIOUS_MOVE = YES;
				CLANG_WARN_UNGUARDED_AVAILABILITY = YES_AGGRESSIVE;
				CLANG_WARN_UNREACHABLE_CODE = YES;
				CLANG_WARN__DUPLICATE_METHOD_MATCH = YES;
				CODE_SIGN_IDENTITY = "iPhone Developer";
				COPY_PHASE_STRIP = NO;
				DEBUG_INFORMATION_FORMAT = "dwarf-with-dsym";
				ENABLE_NS_ASSERTIONS = NO;
				ENABLE_STRICT_OBJC_MSGSEND = YES;
				GCC_C_LANGUAGE_STANDARD = gnu11;
				GCC_NO_COMMON_BLOCKS = YES;
				GCC_WARN_64_TO_32_BIT_CONVERSION = YES;
				GCC_WARN_ABOUT_RETURN_TYPE = YES_ERROR;
				GCC_WARN_UNDECLARED_SELECTOR = YES;
				GCC_WARN_UNINITIALIZED_AUTOS = YES_AGGRESSIVE;
				GCC_WARN_UNUSED_FUNCTION = YES;
				GCC_WARN_UNUSED_VARIABLE = YES;
				IPHONEOS_DEPLOYMENT_TARGET = 11.0;
				MTL_ENABLE_DEBUG_INFO = NO;
				SDKROOT = iphoneos;
				SWIFT_OPTIMIZATION_LEVEL = "-Owholemodule";
				VALIDATE_PRODUCT = YES;
			};
			name = Release;
		};
		A2247898222A1B3C00E4ED52 /* Debug */ = {
			isa = XCBuildConfiguration;
			buildSettings = {
				ASSETCATALOG_COMPILER_APPICON_NAME = AppIcon;
				CODE_SIGN_STYLE = Automatic;
				INFOPLIST_FILE = TicTacToeLocalS/Info.plist;
				LD_RUNPATH_SEARCH_PATHS = "$(inherited) @executable_path/Frameworks";
				PRODUCT_BUNDLE_IDENTIFIER = Sergio.TicTacToeLocalS;
				PRODUCT_NAME = "$(TARGET_NAME)";
				SWIFT_VERSION = 4.0;
				TARGETED_DEVICE_FAMILY = "1,2";
			};
			name = Debug;
		};
		A2247899222A1B3C00E4ED52 /* Release */ = {
			isa = XCBuildConfiguration;
			buildSettings = {
				ASSETCATALOG_COMPILER_APPICON_NAME = AppIcon;
				CODE_SIGN_STYLE = Automatic;
				INFOPLIST_FILE = TicTacToeLocalS/Info.plist;
				LD_RUNPATH_SEARCH_PATHS = "$(inherited) @executable_path/Frameworks";
				PRODUCT_BUNDLE_IDENTIFIER = Sergio.TicTacToeLocalS;
				PRODUCT_NAME = "$(TARGET_NAME)";
				SWIFT_VERSION = 4.0;
				TARGETED_DEVICE_FAMILY = "1,2";
			};
			name = Release;
		};
		A224789B222A1B3C00E4ED52 /* Debug */ = {
			isa = XCBuildConfiguration;
			buildSettings = {
				ALWAYS_EMBED_SWIFT_STANDARD_LIBRARIES = YES;
				BUNDLE_LOADER = "$(TEST_HOST)";
				CODE_SIGN_STYLE = Automatic;
				INFOPLIST_FILE = TicTacToeLocalSTests/Info.plist;
				LD_RUNPATH_SEARCH_PATHS = "$(inherited) @executable_path/Frameworks @loader_path/Frameworks";
				PRODUCT_BUNDLE_IDENTIFIER = Sergio.TicTacToeLocalSTests;
				PRODUCT_NAME = "$(TARGET_NAME)";
				SWIFT_VERSION = 4.0;
				TARGETED_DEVICE_FAMILY = "1,2";
				TEST_HOST = "$(BUILT_PRODUCTS_DIR)/TicTacToeLocalS.app/TicTacToeLocalS";
			};
			name = Debug;
		};
		A224789C222A1B3C00E4ED52 /* Release */ = {
			isa = XCBuildConfiguration;
			buildSettings = {
				ALWAYS_EMBED_SWIFT_STANDARD_LIBRARIES = YES;
				BUNDLE_LOADER = "$(TEST_HOST)";
				CODE_SIGN_STYLE = Automatic;
				INFOPLIST_FILE = TicTacToeLocalSTests/Info.plist;
				LD_RUNPATH_SEARCH_PATHS = "$(inherited) @executable_path/Frameworks @loader_path/Frameworks";
				PRODUCT_BUNDLE_IDENTIFIER = Sergio.TicTacToeLocalSTests;
				PRODUCT_NAME = "$(TARGET_NAME)";
				SWIFT_VERSION = 4.0;
				TARGETED_DEVICE_FAMILY = "1,2";
				TEST_HOST = "$(BUILT_PRODUCTS_DIR)/TicTacToeLocalS.app/TicTacToeLocalS";
			};
			name = Release;
		};
		A224789E222A1B3C00E4ED52 /* Debug */ = {
			isa = XCBuildConfiguration;
			buildSettings = {
				ALWAYS_EMBED_SWIFT_STANDARD_LIBRARIES = YES;
				CODE_SIGN_STYLE = Automatic;
				INFOPLIST_FILE = TicTacToeLocalSUITests/Info.plist;
				LD_RUNPATH_SEARCH_PATHS = "$(inherited) @executable_path/Frameworks @loader_path/Frameworks";
				PRODUCT_BUNDLE_IDENTIFIER = Sergio.TicTacToeLocalSUITests;
				PRODUCT_NAME = "$(TARGET_NAME)";
				SWIFT_VERSION = 4.0;
				TARGETED_DEVICE_FAMILY = "1,2";
				TEST_TARGET_NAME = TicTacToeLocalS;
			};
			name = Debug;
		};
		A224789F222A1B3C00E4ED52 /* Release */ = {
			isa = XCBuildConfiguration;
			buildSettings = {
				ALWAYS_EMBED_SWIFT_STANDARD_LIBRARIES = YES;
				CODE_SIGN_STYLE = Automatic;
				INFOPLIST_FILE = TicTacToeLocalSUITests/Info.plist;
				LD_RUNPATH_SEARCH_PATHS = "$(inherited) @executable_path/Frameworks @loader_path/Frameworks";
				PRODUCT_BUNDLE_IDENTIFIER = Sergio.TicTacToeLocalSUITests;
				PRODUCT_NAME = "$(TARGET_NAME)";
				SWIFT_VERSION = 4.0;
				TARGETED_DEVICE_FAMILY = "1,2";
				TEST_TARGET_NAME = TicTacToeLocalS;
			};
			name = Release;
		};
/* End XCBuildConfiguration section */

/* Begin XCConfigurationList section */
		A224786A222A1B3C00E4ED52 /* Build configuration list for PBXProject "TicTacToeLocalS" */ = {
			isa = XCConfigurationList;
			buildConfigurations = (
				A2247895222A1B3C00E4ED52 /* Debug */,
				A2247896222A1B3C00E4ED52 /* Release */,
			);
			defaultConfigurationIsVisible = 0;
			defaultConfigurationName = Release;
		};
		A2247897222A1B3C00E4ED52 /* Build configuration list for PBXNativeTarget "TicTacToeLocalS" */ = {
			isa = XCConfigurationList;
			buildConfigurations = (
				A2247898222A1B3C00E4ED52 /* Debug */,
				A2247899222A1B3C00E4ED52 /* Release */,
			);
			defaultConfigurationIsVisible = 0;
			defaultConfigurationName = Release;
		};
		A224789A222A1B3C00E4ED52 /* Build configuration list for PBXNativeTarget "TicTacToeLocalSTests" */ = {
			isa = XCConfigurationList;
			buildConfigurations = (
				A224789B222A1B3C00E4ED52 /* Debug */,
				A224789C222A1B3C00E4ED52 /* Release */,
			);
			defaultConfigurationIsVisible = 0;
			defaultConfigurationName = Release;
		};
		A224789D222A1B3C00E4ED52 /* Build configuration list for PBXNativeTarget "TicTacToeLocalSUITests" */ = {
			isa = XCConfigurationList;
			buildConfigurations = (
				A224789E222A1B3C00E4ED52 /* Debug */,
				A224789F222A1B3C00E4ED52 /* Release */,
			);
			defaultConfigurationIsVisible = 0;
			defaultConfigurationName = Release;
		};
/* End XCConfigurationList section */
	};
	rootObject = A2247867222A1B3C00E4ED52 /* Project object */;
}
